# This file was autogenerated by Stack.
# You should not edit this file by hand.
# For more information, please see the documentation at:
#   https://docs.haskellstack.org/en/stable/lock_files

packages:
- completed:
    hackage: language-javascript-0.7.0.0@sha256:3eab0262b8ac5621936a4beab6a0f97d0e00a63455a8b0e3ac1547b4088dae7d,3898
    pantry-tree:
      sha256: b0f28d836cb3fbde203fd7318a896c3a20acd8653a905e1950ae2d9a64bccebf
      size: 2244
  original:
    hackage: language-javascript-0.7.0.0
- completed:
    name: purescript
    pantry-tree:
      sha256: dd3dc2a890cc72bc3b26c54a506ab97ea096838bb2d91110cafd0c1bbef1df0a
      size: 143196
    sha256: 96b7687a01589a953ca9a445a568d6e276177a30fc2ce6d8e5fb17c283de723f
    size: 796625
    url: https://github.com/drathier/purescript/archive/5454476e4ee735176371698185c2acd28298fbb1.tar.gz
    version: 0.15.5
  original:
    url: https://github.com/drathier/purescript/archive/5454476e4ee735176371698185c2acd28298fbb1.tar.gz
- completed:
    hackage: process-1.6.13.1@sha256:c8bb8b7c993ff72d771381b3b56852dd154bce51880a24789c11f57b0688d353,2963
    pantry-tree:
      sha256: 58117b15fa330c79b3bca6b29c65f815e45840f79cc0915d3434f25e54ac8fa5
      size: 1543
  original:
    hackage: process-1.6.13.1
- completed:
    hackage: Cabal-3.6.3.0@sha256:ff97c442b0c679c1c9876acd15f73ac4f602b973c45bde42b43ec28265ee48f4,12459
    pantry-tree:
      sha256: b250a53bdb56844f047a2927833bb565b936a289abfa85dfc2a63148d776368a
      size: 19757
  original:
    hackage: Cabal-3.6.3.0
- completed:
    hackage: protolude-0.3.1@sha256:1cc9e5a5c26c33a43c52b554443dd9779fef13974eaa0beec7ca6d2551b400da,2647
    pantry-tree:
      sha256: 6452a6ca8d395f7d810139779bb0fd16fc1dbb00f1862630bc08ef5a100430f9
      size: 1645
  original:
    hackage: protolude-0.3.1
- completed:
    hackage: hspec-2.9.2@sha256:03c074bcadf13bdb5fda795fcce9f83a9532685d084bb0a325fdd632c3655a76,1709
    pantry-tree:
      sha256: d57b65ada392a372ded96431955aaf7e531be6e1f67e91e1c0da4739e8803759
      size: 583
  original:
    hackage: hspec-2.9.2
- completed:
    hackage: hspec-core-2.9.2@sha256:0b1d612f6a1db1c898196e018de785a11105fd5452b40bbec168838f013a38cf,5673
    pantry-tree:
      sha256: 013d08dcf8bb419890a12fe70e7720b881cf9b857fbc0c1a34a2302a480207af
      size: 5039
  original:
    hackage: hspec-core-2.9.2
- completed:
    hackage: hspec-discover-2.9.2@sha256:19d259b90dfaf71449fede71a0e850cf16b57493d74624ffddf8cd67bcec8032,2167
    pantry-tree:
      sha256: d29a38ad6ad188dd68c11bd799307ea950ab26ee0909ba50effb5629ab2f584d
      size: 828
  original:
    hackage: hspec-discover-2.9.2
snapshots:
- completed:
    sha256: 819ac07621dac5b2c320c45cb8c27f141f95114a1749b19b06d2c3606c79e839
    size: 607265
    url: https://raw.githubusercontent.com/commercialhaskell/stackage-snapshots/master/nightly/2022/6/9.yaml
  original: nightly-2022-06-09
